
Microsoft Visual Studio Solution File, Format Version 12.00
# Visual Studio Version 16
VisualStudioVersion = 16.0.31129.286
MinimumVisualStudioVersion = 10.0.40219.1
Project("{FAE04EC0-301F-11D3-BF4B-00C04F79EFBC}") = "ProyectoPedidos", "ProyectoPedidos\ProyectoPedidos.csproj", "{DB21F816-0E09-4F44-9BF0-4A49BDDB4BD6}"
EndProject
Project("{FAE04EC0-301F-11D3-BF4B-00C04F79EFBC}") = "ModeloDatos", "ModeloDatos\ModeloDatos.csproj", "{94145D7F-0A14-47D1-A88C-348A962FE87A}"
EndProject
Project("{FAE04EC0-301F-11D3-BF4B-00C04F79EFBC}") = "WebApiPedidos", "WebApiPedidos\WebApiPedidos.csproj", "{166C28B0-00F0-4339-8517-462B208333CE}"
EndProject
Global
	GlobalSection(SolutionConfigurationPlatforms) = preSolution
		Debug|Any CPU = Debug|Any CPU
		Release|Any CPU = Release|Any CPU
	EndGlobalSection
	GlobalSection(ProjectConfigurationPlatforms) = postSolution
		{DB21F816-0E09-4F44-9BF0-4A49BDDB4BD6}.Debug|Any CPU.ActiveCfg = Debug|Any CPU
		{DB21F816-0E09-4F44-9BF0-4A49BDDB4BD6}.Debug|Any CPU.Build.0 = Debug|Any CPU
		{DB21F816-0E09-4F44-9BF0-4A49BDDB4BD6}.Release|Any CPU.ActiveCfg = Release|Any CPU
		{DB21F816-0E09-4F44-9BF0-4A49BDDB4BD6}.Release|Any CPU.Build.0 = Release|Any CPU
		{94145D7F-0A14-47D1-A88C-348A962FE87A}.Debug|Any CPU.ActiveCfg = Debug|Any CPU
		{94145D7F-0A14-47D1-A88C-348A962FE87A}.Debug|Any CPU.Build.0 = Debug|Any CPU
		{94145D7F-0A14-47D1-A88C-348A962FE87A}.Release|Any CPU.ActiveCfg = Release|Any CPU
		{94145D7F-0A14-47D1-A88C-348A962FE87A}.Release|Any CPU.Build.0 = Release|Any CPU
		{166C28B0-00F0-4339-8517-462B208333CE}.Debug|Any CPU.ActiveCfg = Debug|Any CPU
		{166C28B0-00F0-4339-8517-462B208333CE}.Debug|Any CPU.Build.0 = Debug|Any CPU
		{166C28B0-00F0-4339-8517-462B208333CE}.Release|Any CPU.ActiveCfg = Release|Any CPU
		{166C28B0-00F0-4339-8517-462B208333CE}.Release|Any CPU.Build.0 = Release|Any CPU
	EndGlobalSection
	GlobalSection(SolutionProperties) = preSolution
		HideSolutionNode = FALSE
	EndGlobalSection
	GlobalSection(ExtensibilityGlobals) = postSolution
		SolutionGuid = {CD0D8CBA-7EAF-4CF7-A1D5-48F0E71C389C}
	EndGlobalSection
EndGlobal
